
Microsoft Visual Studio Solution File, Format Version 12.00
Project("{FAE04EC0-301F-11D3-BF4B-00C04F79EFBC}") = "Pr1", "Pr1\Pr1.csproj", "{0E6921FF-335D-4C6F-A48E-8740D99B2EC2}"
EndProject
Global
	GlobalSection(SolutionConfigurationPlatforms) = preSolution
		Debug|Any CPU = Debug|Any CPU
		Release|Any CPU = Release|Any CPU
	EndGlobalSection
	GlobalSection(ProjectConfigurationPlatforms) = postSolution
		{0E6921FF-335D-4C6F-A48E-8740D99B2EC2}.Debug|Any CPU.ActiveCfg = Debug|Any CPU
		{0E6921FF-335D-4C6F-A48E-8740D99B2EC2}.Debug|Any CPU.Build.0 = Debug|Any CPU
		{0E6921FF-335D-4C6F-A48E-8740D99B2EC2}.Release|Any CPU.ActiveCfg = Release|Any CPU
		{0E6921FF-335D-4C6F-A48E-8740D99B2EC2}.Release|Any CPU.Build.0 = Release|Any CPU
	EndGlobalSection
EndGlobal
